{
  "name": "pinball-explorer",
  "version": "0.1.0",
  "lockfileVersion": 3,
  "requires": true,
  "packages": {
    "": {
      "name": "pinball-explorer",
      "version": "0.1.0",
      "dependencies": {
        "balena-image-fs": "^7.6.1",
        "partitioninfo": "^6.0.3"
      }
    },
    "node_modules/balena-image-fs": {
      "version": "7.6.1",
      "resolved": "https://registry.npmjs.org/balena-image-fs/-/balena-image-fs-7.6.1.tgz",
      "integrity": "sha512-QsoMoG3NIgYnT/nTGPIzLHYXo65VoIc9+zFt0q0lejgA2UknfJ8zUL8s3x15o2tdPPiWG9G4ygg7fFUyQ0y13w==",
      "license": "Apache-2.0",
      "dependencies": {
        "ext2fs": "^4.2.4",
        "fatfs": "^0.10.8",
        "file-disk": "^8.0.1",
        "partitioninfo": "^6.0.3",
        "typed-error": "^3.2.1"
      },
      "engines": {
        "node": ">=16"
      }
    },
    "node_modules/bloodline": {
      "version": "1.0.1",
      "resolved": "https://registry.npmjs.org/bloodline/-/bloodline-1.0.1.tgz",
      "integrity": "sha512-wfNQZgzQHlE0qz9Qg+qiW3dxiwWMssYiqISXjZfZ//Wn1ReI3ddMcQSEmdeLDgziT2BxDZQHi88XZmhyTxPA4w==",
      "license": "MIT"
    },
    "node_modules/chs": {
      "version": "1.1.0",
      "resolved": "https://registry.npmjs.org/chs/-/chs-1.1.0.tgz",
      "integrity": "sha512-XPNir/V/SuHCyqz8+PRyq8OkNacS1RCSVBC+uEcFFZ5V4ZVtgQtpkEHx0kJYwiicaSFaIdka3HrVoYL7NHVR/w==",
      "license": "MIT"
    },
    "node_modules/cyclic-32": {
      "version": "1.2.0",
      "resolved": "https://registry.npmjs.org/cyclic-32/-/cyclic-32-1.2.0.tgz",
      "integrity": "sha512-lHmTMKGQtbsdFy+S1byzblPY0R2WNhkI8/NIKWvYD0UjYPXRxgJ8S8JqhEnrkj/X98CwgGcWz7muecM5xfQziw==",
      "license": "MIT",
      "bin": {
        "crc32": "bin/crc32.js"
      }
    },
    "node_modules/ext2fs": {
      "version": "4.2.5",
      "resolved": "https://registry.npmjs.org/ext2fs/-/ext2fs-4.2.5.tgz",
      "integrity": "sha512-LawX0UwpuE5XHs6VeeVV4poe5vwn+YL3aO8vKxCt8Fx8R7SZJuiXnTFJQEvbc4E1sYQoih/j0vV//cGrVZIreA==",
      "license": "Apache-2.0",
      "engines": {
        "node": ">=16"
      }
    },
    "node_modules/fatfs": {
      "version": "0.10.8",
      "resolved": "https://registry.npmjs.org/fatfs/-/fatfs-0.10.8.tgz",
      "integrity": "sha512-SgtbqGNMwptNXpgLeqSSShm254JIzoVUyyFQBbqMmSPDpKsdZ65vSiS2SzyUI8sMtPvYK62hkuYhXzGZCMt5uQ==",
      "license": "Apache-2.0",
      "dependencies": {
        "fifolock": "^1.0.0",
        "struct-fu": "^1.2.1",
        "xok": "^1.0.0"
      }
    },
    "node_modules/fifolock": {
      "version": "1.0.0",
      "resolved": "https://registry.npmjs.org/fifolock/-/fifolock-1.0.0.tgz",
      "integrity": "sha512-CqipzmuW6+xm7emSaBx1rV/fX17UGF9HkzLH887cFOj/Pe3TJsrboGxjZZtzV/5JrQ5vMegQ7ipZkB9wvsBDDQ==",
      "license": "BSD-2-Clause"
    },
    "node_modules/file-disk": {
      "version": "8.0.1",
      "resolved": "https://registry.npmjs.org/file-disk/-/file-disk-8.0.1.tgz",
      "integrity": "sha512-oO1bkG2RmZnMqteiAO3Uhffj/f6PJ5WY3fdVJJuI5tDbDgW3MgQvhQsDpijX81TXCbxRAKaNFdEQABTTyjL+og==",
      "deprecated": "Deprecated: no longer maintained. The GitHub repository has been archived and no further releases will be published.",
      "license": "Apache-2.0",
      "dependencies": {
        "tslib": "^2.0.0"
      }
    },
    "node_modules/gpt": {
      "version": "2.0.4",
      "resolved": "https://registry.npmjs.org/gpt/-/gpt-2.0.4.tgz",
      "integrity": "sha512-gCibB52dZAjDeyuAJE158FfVYpMa8poCBMYvNXCwDvZJ0+5D0YpP1hZ/KYtWpQyXu18ddoQoqj+FGnbyq2qhKw==",
      "license": "MIT",
      "dependencies": {
        "cyclic-32": "^1.1.0"
      }
    },
    "node_modules/mbr": {
      "version": "1.1.3",
      "resolved": "https://registry.npmjs.org/mbr/-/mbr-1.1.3.tgz",
      "integrity": "sha512-be9zNj5gJOTAppUkjU7HU/hZnjLRsfkKSnlle1BqxmTzMlGis7dbIClEbQnDKlUjNaFhBTcQQ/KQT+OQDWAvJg==",
      "license": "MIT",
      "dependencies": {
        "bloodline": "^1.0.1",
        "chs": "^1.1.0"
      }
    },
    "node_modules/partitioninfo": {
      "version": "6.0.3",
      "resolved": "https://registry.npmjs.org/partitioninfo/-/partitioninfo-6.0.3.tgz",
      "integrity": "sha512-4B88aRAwZm/KYT9dxvdTbrqZ24AiUOnVfkuKVqjQWO3tNvnD2o8g6afZzQnd6+JUuCZWzMq7JrfxtfbL8EyPNQ==",
      "deprecated": "Deprecated: no longer maintained. The GitHub repository has been archived and no further releases will be published.",
      "license": "MIT",
      "dependencies": {
        "file-disk": "^8.0.1",
        "gpt": "^2.0.4",
        "mbr": "^1.1.3",
        "tslib": "^2.0.0",
        "typed-error": "^3.2.0"
      }
    },
    "node_modules/struct-fu": {
      "version": "1.2.1",
      "resolved": "https://registry.npmjs.org/struct-fu/-/struct-fu-1.2.1.tgz",
      "integrity": "sha512-QrtfoBRe+RixlBJl852/Gu7tLLTdx3kWs3MFzY1OHNrSsYYK7aIAnzqsncYRWrKGG/QSItDmOTlELMxehw4Gjw==",
      "license": "BSD-2-Clause"
    },
    "node_modules/tslib": {
      "version": "2.8.1",
      "resolved": "https://registry.npmjs.org/tslib/-/tslib-2.8.1.tgz",
      "integrity": "sha512-oJFu94HQb+KVduSUQL7wnpmqnfmLsOA/nAh6b6EH0wCEoK0/mPeXU6c3wKDV83MkOuHPRHtSXKKU99IBazS/2w==",
      "license": "0BSD"
    },
    "node_modules/typed-error": {
      "version": "3.2.2",
      "resolved": "https://registry.npmjs.org/typed-error/-/typed-error-3.2.2.tgz",
      "integrity": "sha512-Z48LU67/qJ+vyA7lh3ozELqpTp3pvQoY5RtLi5wQ/UGSrEidBhlVSqhjr8B3iqbGpjqAoJYrtSYXWMDtidWGkA==",
      "license": "Apache-2.0",
      "engines": {
        "node": ">=6.0.0",
        "npm": ">=3.0.0"
      }
    },
    "node_modules/xok": {
      "version": "1.0.0",
      "resolved": "https://registry.npmjs.org/xok/-/xok-1.0.0.tgz",
      "integrity": "sha512-DVb6F65Oiq0/fQxLH4adxE92OeNl1njEd+A1pPknmujM/nJhid2iofGXhrU4subNbUi2F0whuKhLv8ReFsqg6g==",
      "license": "WTFPL"
    }
  }
}
